
Microsoft Visual Studio Solution File, Format Version 12.00
# Visual Studio Version 16
VisualStudioVersion = 16.0.31005.135
MinimumVisualStudioVersion = 10.0.40219.1
Project("{FAE04EC0-301F-11D3-BF4B-00C04F79EFBC}") = "MindAllot", "MindAllot\MindAllot.csproj", "{54C00FB7-EE72-477A-AFE9-CDE77491FBCA}"
EndProject
Project("{FAE04EC0-301F-11D3-BF4B-00C04F79EFBC}") = "MindAllot.Data", "MindAllot.Data\MindAllot.Data.csproj", "{CA85B5C4-9D10-40D6-9E17-D3E1FFFE4B98}"
EndProject
Global
	GlobalSection(SolutionConfigurationPlatforms) = preSolution
		Debug|Any CPU = Debug|Any CPU
		Release|Any CPU = Release|Any CPU
	EndGlobalSection
	GlobalSection(ProjectConfigurationPlatforms) = postSolution
		{54C00FB7-EE72-477A-AFE9-CDE77491FBCA}.Debug|Any CPU.ActiveCfg = Debug|Any CPU
		{54C00FB7-EE72-477A-AFE9-CDE77491FBCA}.Debug|Any CPU.Build.0 = Debug|Any CPU
		{54C00FB7-EE72-477A-AFE9-CDE77491FBCA}.Release|Any CPU.ActiveCfg = Release|Any CPU
		{54C00FB7-EE72-477A-AFE9-CDE77491FBCA}.Release|Any CPU.Build.0 = Release|Any CPU
		{CA85B5C4-9D10-40D6-9E17-D3E1FFFE4B98}.Debug|Any CPU.ActiveCfg = Debug|Any CPU
		{CA85B5C4-9D10-40D6-9E17-D3E1FFFE4B98}.Debug|Any CPU.Build.0 = Debug|Any CPU
		{CA85B5C4-9D10-40D6-9E17-D3E1FFFE4B98}.Release|Any CPU.ActiveCfg = Release|Any CPU
		{CA85B5C4-9D10-40D6-9E17-D3E1FFFE4B98}.Release|Any CPU.Build.0 = Release|Any CPU
	EndGlobalSection
	GlobalSection(SolutionProperties) = preSolution
		HideSolutionNode = FALSE
	EndGlobalSection
	GlobalSection(ExtensibilityGlobals) = postSolution
		SolutionGuid = {62EC34ED-199C-48E5-BD20-C44A67FFDAFB}
	EndGlobalSection
EndGlobal
